<?xml version="1.0" encoding="utf-8"?>
<Project ToolsVersion="4.0" xmlns="http://schemas.microsoft.com/developer/msbuild/2003">
  <ItemGroup>
    <Filter Include="Source Files">
      <UniqueIdentifier>{9D5B019B-5E53-4D33-912F-41B1E95D51E5}</UniqueIdentifier>
      <Extensions>cpp;c;cc;cxx</Extensions>
    </Filter>
    <Filter Include="Header Files">
      <UniqueIdentifier>{A2E91A9C-984F-45BE-B1A9-71C9020B19D8}</UniqueIdentifier>
      <Extensions>h;hpp;hxx</Extensions>
    </Filter>
    <Filter Include="Text Files">
      <UniqueIdentifier>{D75BEAE7-710D-4033-A8D3-58459F1DFBE4}</UniqueIdentifier>
      <Extensions>txt;md</Extensions>
    </Filter>
  </ItemGroup>
  <ItemGroup>
    <ClCompile Include="Aegis2Mem.cpp">
      <Filter>Source Files</Filter>
    </ClCompile>
    <ClCompile Include="main.cpp">
      <Filter>Source Files</Filter>
    </ClCompile>
    <ClCompile Include="..\DllInjector\driver\driver2.cpp">
      <Filter>Source Files</Filter>
    </ClCompile>
  </ItemGroup>
  <ItemGroup>
    <ClInclude Include="Aegis2Mem.h">
      <Filter>Header Files</Filter>
    </ClInclude>
    <ClInclude Include="..\DllInjector\driver\driver2.h">
      <Filter>Header Files</Filter>
    </ClInclude>
    <ClInclude Include="..\DllInjector\driver\shared_defs.h">
      <Filter>Header Files</Filter>
    </ClInclude>
  </ItemGroup>
  <ItemGroup>
    <Text Include="README.md">
      <Filter>Text Files</Filter>
    </Text>
  </ItemGroup>
</Project>
